
Microsoft Visual Studio Solution File, Format Version 12.00
# Visual Studio 2012
Project("{FAE04EC0-301F-11D3-BF4B-00C04F79EFBC}") = "SIAC.Web", "SIAC.Web\SIAC.Web.csproj", "{22E7A616-305A-4373-ADBE-E4933BA6DF95}"
EndProject
Project("{FAE04EC0-301F-11D3-BF4B-00C04F79EFBC}") = "SIAC.DAO", "SIAC.DAO\SIAC.DAO.csproj", "{6F1980BC-985E-42EC-AD15-D66A7510A66C}"
EndProject
Global
	GlobalSection(SolutionConfigurationPlatforms) = preSolution
		Debug|Any CPU = Debug|Any CPU
		Release|Any CPU = Release|Any CPU
	EndGlobalSection
	GlobalSection(ProjectConfigurationPlatforms) = postSolution
		{22E7A616-305A-4373-ADBE-E4933BA6DF95}.Debug|Any CPU.ActiveCfg = Debug|Any CPU
		{22E7A616-305A-4373-ADBE-E4933BA6DF95}.Debug|Any CPU.Build.0 = Debug|Any CPU
		{22E7A616-305A-4373-ADBE-E4933BA6DF95}.Release|Any CPU.ActiveCfg = Release|Any CPU
		{22E7A616-305A-4373-ADBE-E4933BA6DF95}.Release|Any CPU.Build.0 = Release|Any CPU
		{6F1980BC-985E-42EC-AD15-D66A7510A66C}.Debug|Any CPU.ActiveCfg = Debug|Any CPU
		{6F1980BC-985E-42EC-AD15-D66A7510A66C}.Debug|Any CPU.Build.0 = Debug|Any CPU
		{6F1980BC-985E-42EC-AD15-D66A7510A66C}.Release|Any CPU.ActiveCfg = Release|Any CPU
		{6F1980BC-985E-42EC-AD15-D66A7510A66C}.Release|Any CPU.Build.0 = Release|Any CPU
	EndGlobalSection
	GlobalSection(SolutionProperties) = preSolution
		HideSolutionNode = FALSE
	EndGlobalSection
EndGlobal
